{
    "name": "editor-angular-lsp-servers",
    "lockfileVersion": 3,
    "requires": true,
    "packages": {
        "": {
            "name": "editor-angular-lsp-servers",
            "dependencies": {
                "@angular/language-server": "^22.2.1",
                "typescript": "~6.0.3",
                "typescript-language-server": "^6.0.1"
            }
        },
        "node_modules/@angular/language-server": {
            "version": "22.2.1",
            "resolved": "https://registry.npmjs.org/@angular/language-server/-/language-server-22.2.1.tgz",
            "integrity": "sha512-IcEFT2BYt6PP6Jp6O46EtoO7L5HzcAnJ6D34f/8d2sEsGsJ1xaIAgXjpv55ORHIyzujKhhpIJae/rQYu3kWETA==",
            "license": "MIT",
            "dependencies": {
                "@angular/language-service": "22.2.1",
                "typescript": "6.0.3"
            },
            "bin": {
                "ngserver": "bin/ngserver"
            },
            "engines": {
                "node": "^22.22.3 || ^24.15.0 || >=26.0.0"
            }
        },
        "node_modules/@angular/language-service": {
            "version": "22.2.1",
            "resolved": "https://registry.npmjs.org/@angular/language-service/-/language-service-22.2.1.tgz",
            "integrity": "sha512-rLn5cEIZxcMu64USrAWpp/mQnq5UF443QsJNjvYJBi96BepLUtdneyKMsr9MtjBXkwOO7A0IlblX7xCVnRb1ag==",
            "license": "MIT",
            "engines": {
                "node": "^22.22.3 || ^24.15.0 || >=26.0.0"
            }
        },
        "node_modules/typescript": {
            "version": "6.0.3",
            "resolved": "https://registry.npmjs.org/typescript/-/typescript-6.0.3.tgz",
            "integrity": "sha512-y2TvuxSZPDyQakkFRPZHKFm+KKVqIisdg9/CZwm9ftvKXLP8NRWj38/ODjNbr43SsoXqNuAisEf1GdCxqWcdBw==",
            "license": "Apache-2.0",
            "bin": {
                "tsc": "bin/tsc",
                "tsserver": "bin/tsserver"
            },
            "engines": {
                "node": ">=14.17"
            }
        },
        "node_modules/typescript-language-server": {
            "version": "6.0.1",
            "resolved": "https://registry.npmjs.org/typescript-language-server/-/typescript-language-server-6.0.1.tgz",
            "integrity": "sha512-c5hEHM/7rdFRbQWoHXuddyJ53oF0M2dKeXQOYdwUek556oarltKeumKJGLp/ZMcGV7gW30mGn1MR3V5GDiLiKg==",
            "license": "Apache-2.0",
            "bin": {
                "typescript-language-server": "lib/cli.mjs"
            },
            "engines": {
                "node": ">=22.22.2"
            }
        }
    }
}
